
Microsoft Visual Studio Solution File, Format Version 12.00
# Visual Studio Version 17
VisualStudioVersion = 17.0.31903.59
MinimumVisualStudioVersion = 10.0.40219.1
Project("{2150E333-8FDC-42A3-9474-1A3956D46DE8}") = "Exercises", "Exercises", "{72EF5EB1-B308-CD20-4E1B-89C2486FD9E1}"
EndProject
Project("{FAE04EC0-301F-11D3-BF4B-00C04F79EFBC}") = "HelloWorld", "Exercises\HelloWorld\HelloWorld.csproj", "{2CBB5784-F937-4798-B84C-26AB2DF0738A}"
EndProject
Project("{2150E333-8FDC-42A3-9474-1A3956D46DE8}") = "Assignments", "Assignments", "{39D37D13-1A77-DB53-501B-8CF36D38B79E}"
EndProject
Project("{FAE04EC0-301F-11D3-BF4B-00C04F79EFBC}") = "Assignment1", "Assignments\Assignment1\Assignment1.csproj", "{5B719061-1768-4CA4-BE69-D7C2742D14AE}"
EndProject
Global
	GlobalSection(SolutionConfigurationPlatforms) = preSolution
		Debug|Any CPU = Debug|Any CPU
		Debug|x64 = Debug|x64
		Debug|x86 = Debug|x86
		Release|Any CPU = Release|Any CPU
		Release|x64 = Release|x64
		Release|x86 = Release|x86
	EndGlobalSection
	GlobalSection(ProjectConfigurationPlatforms) = postSolution
		{2CBB5784-F937-4798-B84C-26AB2DF0738A}.Debug|Any CPU.ActiveCfg = Debug|Any CPU
		{2CBB5784-F937-4798-B84C-26AB2DF0738A}.Debug|Any CPU.Build.0 = Debug|Any CPU
		{2CBB5784-F937-4798-B84C-26AB2DF0738A}.Debug|x64.ActiveCfg = Debug|Any CPU
		{2CBB5784-F937-4798-B84C-26AB2DF0738A}.Debug|x64.Build.0 = Debug|Any CPU
		{2CBB5784-F937-4798-B84C-26AB2DF0738A}.Debug|x86.ActiveCfg = Debug|Any CPU
		{2CBB5784-F937-4798-B84C-26AB2DF0738A}.Debug|x86.Build.0 = Debug|Any CPU
		{2CBB5784-F937-4798-B84C-26AB2DF0738A}.Release|Any CPU.ActiveCfg = Release|Any CPU
		{2CBB5784-F937-4798-B84C-26AB2DF0738A}.Release|Any CPU.Build.0 = Release|Any CPU
		{2CBB5784-F937-4798-B84C-26AB2DF0738A}.Release|x64.ActiveCfg = Release|Any CPU
		{2CBB5784-F937-4798-B84C-26AB2DF0738A}.Release|x64.Build.0 = Release|Any CPU
		{2CBB5784-F937-4798-B84C-26AB2DF0738A}.Release|x86.ActiveCfg = Release|Any CPU
		{2CBB5784-F937-4798-B84C-26AB2DF0738A}.Release|x86.Build.0 = Release|Any CPU
		{5B719061-1768-4CA4-BE69-D7C2742D14AE}.Debug|Any CPU.ActiveCfg = Debug|Any CPU
		{5B719061-1768-4CA4-BE69-D7C2742D14AE}.Debug|Any CPU.Build.0 = Debug|Any CPU
		{5B719061-1768-4CA4-BE69-D7C2742D14AE}.Debug|x64.ActiveCfg = Debug|Any CPU
		{5B719061-1768-4CA4-BE69-D7C2742D14AE}.Debug|x64.Build.0 = Debug|Any CPU
		{5B719061-1768-4CA4-BE69-D7C2742D14AE}.Debug|x86.ActiveCfg = Debug|Any CPU
		{5B719061-1768-4CA4-BE69-D7C2742D14AE}.Debug|x86.Build.0 = Debug|Any CPU
		{5B719061-1768-4CA4-BE69-D7C2742D14AE}.Release|Any CPU.ActiveCfg = Release|Any CPU
		{5B719061-1768-4CA4-BE69-D7C2742D14AE}.Release|Any CPU.Build.0 = Release|Any CPU
		{5B719061-1768-4CA4-BE69-D7C2742D14AE}.Release|x64.ActiveCfg = Release|Any CPU
		{5B719061-1768-4CA4-BE69-D7C2742D14AE}.Release|x64.Build.0 = Release|Any CPU
		{5B719061-1768-4CA4-BE69-D7C2742D14AE}.Release|x86.ActiveCfg = Release|Any CPU
		{5B719061-1768-4CA4-BE69-D7C2742D14AE}.Release|x86.Build.0 = Release|Any CPU
	EndGlobalSection
	GlobalSection(SolutionProperties) = preSolution
		HideSolutionNode = FALSE
	EndGlobalSection
	GlobalSection(NestedProjects) = preSolution
		{2CBB5784-F937-4798-B84C-26AB2DF0738A} = {72EF5EB1-B308-CD20-4E1B-89C2486FD9E1}
		{5B719061-1768-4CA4-BE69-D7C2742D14AE} = {39D37D13-1A77-DB53-501B-8CF36D38B79E}
	EndGlobalSection
EndGlobal
